
Microsoft Visual Studio Solution File, Format Version 12.00
# Visual Studio Version 16
VisualStudioVersion = 16.0.31105.61
MinimumVisualStudioVersion = 10.0.40219.1
Project("{FAE04EC0-301F-11D3-BF4B-00C04F79EFBC}") = "ProjectHub", "ProjectHub\ProjectHub.csproj", "{FE974168-692E-423A-993B-BEE3AB48358C}"
EndProject
Global
	GlobalSection(SolutionConfigurationPlatforms) = preSolution
		Debug|Any CPU = Debug|Any CPU
		Release|Any CPU = Release|Any CPU
	EndGlobalSection
	GlobalSection(ProjectConfigurationPlatforms) = postSolution
		{FE974168-692E-423A-993B-BEE3AB48358C}.Debug|Any CPU.ActiveCfg = Debug|Any CPU
		{FE974168-692E-423A-993B-BEE3AB48358C}.Debug|Any CPU.Build.0 = Debug|Any CPU
		{FE974168-692E-423A-993B-BEE3AB48358C}.Release|Any CPU.ActiveCfg = Release|Any CPU
		{FE974168-692E-423A-993B-BEE3AB48358C}.Release|Any CPU.Build.0 = Release|Any CPU
	EndGlobalSection
	GlobalSection(SolutionProperties) = preSolution
		HideSolutionNode = FALSE
	EndGlobalSection
	GlobalSection(ExtensibilityGlobals) = postSolution
		SolutionGuid = {299E011E-8D2E-4AB4-AFF5-3F5D3C0DF0B8}
	EndGlobalSection
EndGlobal
